
Microsoft Visual Studio Solution File, Format Version 12.00
# Visual Studio Version 17
VisualStudioVersion = 17.4.33213.308
MinimumVisualStudioVersion = 10.0.40219.1
Project("{FAE04EC0-301F-11D3-BF4B-00C04F79EFBC}") = "Practice", "Practice\Practice.csproj", "{4D9DB092-1184-4F6E-8DBE-4EB33F00F27D}"
EndProject
Global
	GlobalSection(SolutionConfigurationPlatforms) = preSolution
		Debug|Any CPU = Debug|Any CPU
		Release|Any CPU = Release|Any CPU
	EndGlobalSection
	GlobalSection(ProjectConfigurationPlatforms) = postSolution
		{4D9DB092-1184-4F6E-8DBE-4EB33F00F27D}.Debug|Any CPU.ActiveCfg = Debug|Any CPU
		{4D9DB092-1184-4F6E-8DBE-4EB33F00F27D}.Debug|Any CPU.Build.0 = Debug|Any CPU
		{4D9DB092-1184-4F6E-8DBE-4EB33F00F27D}.Release|Any CPU.ActiveCfg = Release|Any CPU
		{4D9DB092-1184-4F6E-8DBE-4EB33F00F27D}.Release|Any CPU.Build.0 = Release|Any CPU
	EndGlobalSection
	GlobalSection(SolutionProperties) = preSolution
		HideSolutionNode = FALSE
	EndGlobalSection
	GlobalSection(ExtensibilityGlobals) = postSolution
		SolutionGuid = {2259B6C8-E8FE-4B6B-AB59-B871BAA65269}
	EndGlobalSection
EndGlobal
