
Microsoft Visual Studio Solution File, Format Version 12.00
# Visual Studio Version 17
VisualStudioVersion = 17.4.33213.308
MinimumVisualStudioVersion = 10.0.40219.1
Project("{FAE04EC0-301F-11D3-BF4B-00C04F79EFBC}") = "CRUDWithAPI", "CRUDWithAPI\CRUDWithAPI.csproj", "{60A570FE-FEFA-460E-999E-505692ACD780}"
EndProject
Global
	GlobalSection(SolutionConfigurationPlatforms) = preSolution
		Debug|Any CPU = Debug|Any CPU
		Release|Any CPU = Release|Any CPU
	EndGlobalSection
	GlobalSection(ProjectConfigurationPlatforms) = postSolution
		{60A570FE-FEFA-460E-999E-505692ACD780}.Debug|Any CPU.ActiveCfg = Debug|Any CPU
		{60A570FE-FEFA-460E-999E-505692ACD780}.Debug|Any CPU.Build.0 = Debug|Any CPU
		{60A570FE-FEFA-460E-999E-505692ACD780}.Release|Any CPU.ActiveCfg = Release|Any CPU
		{60A570FE-FEFA-460E-999E-505692ACD780}.Release|Any CPU.Build.0 = Release|Any CPU
	EndGlobalSection
	GlobalSection(SolutionProperties) = preSolution
		HideSolutionNode = FALSE
	EndGlobalSection
	GlobalSection(ExtensibilityGlobals) = postSolution
		SolutionGuid = {EBCA620D-E58E-4A63-AA0E-685920C5759B}
	EndGlobalSection
EndGlobal
