
Microsoft Visual Studio Solution File, Format Version 12.00
# Visual Studio Version 17
VisualStudioVersion = 17.4.33213.308
MinimumVisualStudioVersion = 10.0.40219.1
Project("{FAE04EC0-301F-11D3-BF4B-00C04F79EFBC}") = "SendEmail", "SendEmail\SendEmail.csproj", "{584A5B3C-DB28-422B-A7D3-71DE7BAE4349}"
EndProject
Global
	GlobalSection(SolutionConfigurationPlatforms) = preSolution
		Debug|Any CPU = Debug|Any CPU
		Release|Any CPU = Release|Any CPU
	EndGlobalSection
	GlobalSection(ProjectConfigurationPlatforms) = postSolution
		{584A5B3C-DB28-422B-A7D3-71DE7BAE4349}.Debug|Any CPU.ActiveCfg = Debug|Any CPU
		{584A5B3C-DB28-422B-A7D3-71DE7BAE4349}.Debug|Any CPU.Build.0 = Debug|Any CPU
		{584A5B3C-DB28-422B-A7D3-71DE7BAE4349}.Release|Any CPU.ActiveCfg = Release|Any CPU
		{584A5B3C-DB28-422B-A7D3-71DE7BAE4349}.Release|Any CPU.Build.0 = Release|Any CPU
	EndGlobalSection
	GlobalSection(SolutionProperties) = preSolution
		HideSolutionNode = FALSE
	EndGlobalSection
	GlobalSection(ExtensibilityGlobals) = postSolution
		SolutionGuid = {3BBB4DD4-59CA-4C44-9FC1-2E5D206B97B7}
	EndGlobalSection
EndGlobal
