
Microsoft Visual Studio Solution File, Format Version 12.00
# Visual Studio Version 17
VisualStudioVersion = 17.4.33213.308
MinimumVisualStudioVersion = 10.0.40219.1
Project("{FAE04EC0-301F-11D3-BF4B-00C04F79EFBC}") = "FinalTermTask1", "FinalTermTask1\FinalTermTask1.csproj", "{9C7AA519-BC02-4F9F-9D19-4C441B518FA3}"
EndProject
Project("{FAE04EC0-301F-11D3-BF4B-00C04F79EFBC}") = "DAL", "DAL\DAL.csproj", "{F9353000-12DA-40CA-9FC7-AC9081DB28A3}"
EndProject
Project("{FAE04EC0-301F-11D3-BF4B-00C04F79EFBC}") = "BLL", "BLL\BLL.csproj", "{9E77D901-CB10-4FB8-A43E-04EF304C77E3}"
EndProject
Global
	GlobalSection(SolutionConfigurationPlatforms) = preSolution
		Debug|Any CPU = Debug|Any CPU
		Release|Any CPU = Release|Any CPU
	EndGlobalSection
	GlobalSection(ProjectConfigurationPlatforms) = postSolution
		{9C7AA519-BC02-4F9F-9D19-4C441B518FA3}.Debug|Any CPU.ActiveCfg = Debug|Any CPU
		{9C7AA519-BC02-4F9F-9D19-4C441B518FA3}.Debug|Any CPU.Build.0 = Debug|Any CPU
		{9C7AA519-BC02-4F9F-9D19-4C441B518FA3}.Release|Any CPU.ActiveCfg = Release|Any CPU
		{9C7AA519-BC02-4F9F-9D19-4C441B518FA3}.Release|Any CPU.Build.0 = Release|Any CPU
		{F9353000-12DA-40CA-9FC7-AC9081DB28A3}.Debug|Any CPU.ActiveCfg = Debug|Any CPU
		{F9353000-12DA-40CA-9FC7-AC9081DB28A3}.Debug|Any CPU.Build.0 = Debug|Any CPU
		{F9353000-12DA-40CA-9FC7-AC9081DB28A3}.Release|Any CPU.ActiveCfg = Release|Any CPU
		{F9353000-12DA-40CA-9FC7-AC9081DB28A3}.Release|Any CPU.Build.0 = Release|Any CPU
		{9E77D901-CB10-4FB8-A43E-04EF304C77E3}.Debug|Any CPU.ActiveCfg = Debug|Any CPU
		{9E77D901-CB10-4FB8-A43E-04EF304C77E3}.Debug|Any CPU.Build.0 = Debug|Any CPU
		{9E77D901-CB10-4FB8-A43E-04EF304C77E3}.Release|Any CPU.ActiveCfg = Release|Any CPU
		{9E77D901-CB10-4FB8-A43E-04EF304C77E3}.Release|Any CPU.Build.0 = Release|Any CPU
	EndGlobalSection
	GlobalSection(SolutionProperties) = preSolution
		HideSolutionNode = FALSE
	EndGlobalSection
	GlobalSection(ExtensibilityGlobals) = postSolution
		SolutionGuid = {79863AD8-6733-493A-AE00-AE7A388674B1}
	EndGlobalSection
EndGlobal
