
Microsoft Visual Studio Solution File, Format Version 12.00
# Visual Studio Version 17
VisualStudioVersion = 17.4.33213.308
MinimumVisualStudioVersion = 10.0.40219.1
Project("{FAE04EC0-301F-11D3-BF4B-00C04F79EFBC}") = "N_Tier_ArchitechtureBasic", "N_Tier_ArchitechtureBasic\N_Tier_ArchitechtureBasic.csproj", "{AF78F460-EEC9-40CA-832F-1A754E59E623}"
EndProject
Project("{FAE04EC0-301F-11D3-BF4B-00C04F79EFBC}") = "BLL", "BLL\BLL.csproj", "{05135596-3A02-4F7A-9B14-A35277E75605}"
EndProject
Project("{FAE04EC0-301F-11D3-BF4B-00C04F79EFBC}") = "DAL", "DAL\DAL.csproj", "{84A60E8A-B253-4ED5-BD83-317B7EEC0408}"
EndProject
Global
	GlobalSection(SolutionConfigurationPlatforms) = preSolution
		Debug|Any CPU = Debug|Any CPU
		Release|Any CPU = Release|Any CPU
	EndGlobalSection
	GlobalSection(ProjectConfigurationPlatforms) = postSolution
		{AF78F460-EEC9-40CA-832F-1A754E59E623}.Debug|Any CPU.ActiveCfg = Debug|Any CPU
		{AF78F460-EEC9-40CA-832F-1A754E59E623}.Debug|Any CPU.Build.0 = Debug|Any CPU
		{AF78F460-EEC9-40CA-832F-1A754E59E623}.Release|Any CPU.ActiveCfg = Release|Any CPU
		{AF78F460-EEC9-40CA-832F-1A754E59E623}.Release|Any CPU.Build.0 = Release|Any CPU
		{05135596-3A02-4F7A-9B14-A35277E75605}.Debug|Any CPU.ActiveCfg = Debug|Any CPU
		{05135596-3A02-4F7A-9B14-A35277E75605}.Debug|Any CPU.Build.0 = Debug|Any CPU
		{05135596-3A02-4F7A-9B14-A35277E75605}.Release|Any CPU.ActiveCfg = Release|Any CPU
		{05135596-3A02-4F7A-9B14-A35277E75605}.Release|Any CPU.Build.0 = Release|Any CPU
		{84A60E8A-B253-4ED5-BD83-317B7EEC0408}.Debug|Any CPU.ActiveCfg = Debug|Any CPU
		{84A60E8A-B253-4ED5-BD83-317B7EEC0408}.Debug|Any CPU.Build.0 = Debug|Any CPU
		{84A60E8A-B253-4ED5-BD83-317B7EEC0408}.Release|Any CPU.ActiveCfg = Release|Any CPU
		{84A60E8A-B253-4ED5-BD83-317B7EEC0408}.Release|Any CPU.Build.0 = Release|Any CPU
	EndGlobalSection
	GlobalSection(SolutionProperties) = preSolution
		HideSolutionNode = FALSE
	EndGlobalSection
	GlobalSection(ExtensibilityGlobals) = postSolution
		SolutionGuid = {BBE49742-04B2-4F19-8AF6-935BD7D40EFB}
	EndGlobalSection
EndGlobal
